
Microsoft Visual Studio Solution File, Format Version 12.00
# Visual Studio 14
VisualStudioVersion = 14.0.25123.0
MinimumVisualStudioVersion = 10.0.40219.1
Project("{FAE04EC0-301F-11D3-BF4B-00C04F79EFBC}") = "Homeworld Editor", "Homeworld Editor\Homeworld Editor.csproj", "{F6E257FF-26A3-461B-BA2F-6E7789E31FEC}"
EndProject
Global
	GlobalSection(SolutionConfigurationPlatforms) = preSolution
		Debug|Any CPU = Debug|Any CPU
		Net20-Debug|Any CPU = Net20-Debug|Any CPU
		Net20-Release|Any CPU = Net20-Release|Any CPU
		Net45-Debug|Any CPU = Net45-Debug|Any CPU
		Net45-Release|Any CPU = Net45-Release|Any CPU
		Release|Any CPU = Release|Any CPU
	EndGlobalSection
	GlobalSection(ProjectConfigurationPlatforms) = postSolution
		{F6E257FF-26A3-461B-BA2F-6E7789E31FEC}.Debug|Any CPU.ActiveCfg = Debug|Any CPU
		{F6E257FF-26A3-461B-BA2F-6E7789E31FEC}.Debug|Any CPU.Build.0 = Debug|Any CPU
		{F6E257FF-26A3-461B-BA2F-6E7789E31FEC}.Net20-Debug|Any CPU.ActiveCfg = Debug|Any CPU
		{F6E257FF-26A3-461B-BA2F-6E7789E31FEC}.Net20-Debug|Any CPU.Build.0 = Debug|Any CPU
		{F6E257FF-26A3-461B-BA2F-6E7789E31FEC}.Net20-Release|Any CPU.ActiveCfg = Release|Any CPU
		{F6E257FF-26A3-461B-BA2F-6E7789E31FEC}.Net20-Release|Any CPU.Build.0 = Release|Any CPU
		{F6E257FF-26A3-461B-BA2F-6E7789E31FEC}.Net45-Debug|Any CPU.ActiveCfg = Debug|Any CPU
		{F6E257FF-26A3-461B-BA2F-6E7789E31FEC}.Net45-Debug|Any CPU.Build.0 = Debug|Any CPU
		{F6E257FF-26A3-461B-BA2F-6E7789E31FEC}.Net45-Release|Any CPU.ActiveCfg = Release|Any CPU
		{F6E257FF-26A3-461B-BA2F-6E7789E31FEC}.Net45-Release|Any CPU.Build.0 = Release|Any CPU
		{F6E257FF-26A3-461B-BA2F-6E7789E31FEC}.Release|Any CPU.ActiveCfg = Release|Any CPU
		{F6E257FF-26A3-461B-BA2F-6E7789E31FEC}.Release|Any CPU.Build.0 = Release|Any CPU
	EndGlobalSection
	GlobalSection(SolutionProperties) = preSolution
		HideSolutionNode = FALSE
	EndGlobalSection
	GlobalSection(ExtensibilityGlobals) = postSolution
		BuildVersion_DetectChanges = False
		BuildVersion_AssemblyInfoFilename = Homeworld Editor\Properties\AssemblyInfo.cs
		BuildVersion_StartDate = 2000/1/1
		BuildVersion_UseGlobalSettings = True
	EndGlobalSection
EndGlobal
